{
  "object": {
    "pins": [
      {
        "package": "HPNetwork",
        "repositoryURL": "https://github.com/henrik-dmg/HPNetwork.git",
        "state": {
          "branch": null,
          "revision": "a06d691d17c72ccdc672a6f5857f00bfe537b853",
          "version": "0.0.8"
        }
      }
    ]
  },
  "version": 1
}
