{
  "object": {
    "pins": [
      {
        "package": "HPNetwork",
        "repositoryURL": "https://github.com/henrik-dmg/HPNetwork.git",
        "state": {
          "branch": null,
          "revision": "e74e16f1adc0344c29f9e72fac855ad7f3c715da",
          "version": "0.0.6"
        }
      }
    ]
  },
  "version": 1
}
